
Microsoft Visual Studio Solution File, Format Version 12.00
# Visual Studio 15
VisualStudioVersion = 15.0.28307.271
MinimumVisualStudioVersion = 10.0.40219.1
Project("{FAE04EC0-301F-11D3-BF4B-00C04F79EFBC}") = "EpiBubble2", "EpiBubble2\EpiBubble2.csproj", "{14308CDC-079C-4483-B064-B1A10C1909ED}"
EndProject
Global
	GlobalSection(SolutionConfigurationPlatforms) = preSolution
		Debug|Any CPU = Debug|Any CPU
		Release|Any CPU = Release|Any CPU
	EndGlobalSection
	GlobalSection(ProjectConfigurationPlatforms) = postSolution
		{14308CDC-079C-4483-B064-B1A10C1909ED}.Debug|Any CPU.ActiveCfg = Debug|Any CPU
		{14308CDC-079C-4483-B064-B1A10C1909ED}.Debug|Any CPU.Build.0 = Debug|Any CPU
		{14308CDC-079C-4483-B064-B1A10C1909ED}.Release|Any CPU.ActiveCfg = Release|Any CPU
		{14308CDC-079C-4483-B064-B1A10C1909ED}.Release|Any CPU.Build.0 = Release|Any CPU
	EndGlobalSection
	GlobalSection(SolutionProperties) = preSolution
		HideSolutionNode = FALSE
	EndGlobalSection
	GlobalSection(ExtensibilityGlobals) = postSolution
		SolutionGuid = {8DECCB6A-BEBD-4870-AF69-0919C225CFBB}
	EndGlobalSection
EndGlobal
